
Microsoft Visual Studio Solution File, Format Version 12.00
# Visual Studio Version 17
VisualStudioVersion = 17.4.33110.190
MinimumVisualStudioVersion = 10.0.40219.1
Project("{FAE04EC0-301F-11D3-BF4B-00C04F79EFBC}") = "Validador de IP", "Validador de IP\Validador de IP.csproj", "{D2A6AC2E-4E1F-48B0-A5A4-060CC2196F5D}"
EndProject
Global
	GlobalSection(SolutionConfigurationPlatforms) = preSolution
		Debug|Any CPU = Debug|Any CPU
		Release|Any CPU = Release|Any CPU
	EndGlobalSection
	GlobalSection(ProjectConfigurationPlatforms) = postSolution
		{D2A6AC2E-4E1F-48B0-A5A4-060CC2196F5D}.Debug|Any CPU.ActiveCfg = Debug|Any CPU
		{D2A6AC2E-4E1F-48B0-A5A4-060CC2196F5D}.Debug|Any CPU.Build.0 = Debug|Any CPU
		{D2A6AC2E-4E1F-48B0-A5A4-060CC2196F5D}.Release|Any CPU.ActiveCfg = Release|Any CPU
		{D2A6AC2E-4E1F-48B0-A5A4-060CC2196F5D}.Release|Any CPU.Build.0 = Release|Any CPU
	EndGlobalSection
	GlobalSection(SolutionProperties) = preSolution
		HideSolutionNode = FALSE
	EndGlobalSection
	GlobalSection(ExtensibilityGlobals) = postSolution
		SolutionGuid = {3075F694-DC40-4095-B2D0-D7681BEC8493}
	EndGlobalSection
EndGlobal
