
Microsoft Visual Studio Solution File, Format Version 12.00
# Visual Studio Version 17
VisualStudioVersion = 17.7.34024.191
MinimumVisualStudioVersion = 10.0.40219.1
Project("{FAE04EC0-301F-11D3-BF4B-00C04F79EFBC}") = "Sistema Aluguel Bike", "Sistema Aluguel Bike\Sistema Aluguel Bike.csproj", "{C16A4518-FB71-40F9-BB11-B12AD6DC1D3F}"
EndProject
Global
	GlobalSection(SolutionConfigurationPlatforms) = preSolution
		Debug|Any CPU = Debug|Any CPU
		Release|Any CPU = Release|Any CPU
	EndGlobalSection
	GlobalSection(ProjectConfigurationPlatforms) = postSolution
		{C16A4518-FB71-40F9-BB11-B12AD6DC1D3F}.Debug|Any CPU.ActiveCfg = Debug|Any CPU
		{C16A4518-FB71-40F9-BB11-B12AD6DC1D3F}.Debug|Any CPU.Build.0 = Debug|Any CPU
		{C16A4518-FB71-40F9-BB11-B12AD6DC1D3F}.Release|Any CPU.ActiveCfg = Release|Any CPU
		{C16A4518-FB71-40F9-BB11-B12AD6DC1D3F}.Release|Any CPU.Build.0 = Release|Any CPU
	EndGlobalSection
	GlobalSection(SolutionProperties) = preSolution
		HideSolutionNode = FALSE
	EndGlobalSection
	GlobalSection(ExtensibilityGlobals) = postSolution
		SolutionGuid = {C81E4E1D-A0BA-4E01-A080-DA8102D4E020}
	EndGlobalSection
EndGlobal
